
Microsoft Visual Studio Solution File, Format Version 12.00
Project("{FAE04EC0-301F-11D3-BF4B-00C04F79EFBC}") = "eCommerce", "eCommerce.csproj", "{574D3325-8471-4FFD-B123-131343D0C00B}"
EndProject
Project("{FAE04EC0-301F-11D3-BF4B-00C04F79EFBC}") = "Tests", "..\Tests\Tests.csproj", "{A89063C5-1959-4971-BFDD-53ACAFCE6948}"
EndProject
Global
	GlobalSection(SolutionConfigurationPlatforms) = preSolution
		Debug|Any CPU = Debug|Any CPU
		Release|Any CPU = Release|Any CPU
	EndGlobalSection
	GlobalSection(ProjectConfigurationPlatforms) = postSolution
		{574D3325-8471-4FFD-B123-131343D0C00B}.Debug|Any CPU.ActiveCfg = Debug|Any CPU
		{574D3325-8471-4FFD-B123-131343D0C00B}.Debug|Any CPU.Build.0 = Debug|Any CPU
		{574D3325-8471-4FFD-B123-131343D0C00B}.Release|Any CPU.ActiveCfg = Release|Any CPU
		{574D3325-8471-4FFD-B123-131343D0C00B}.Release|Any CPU.Build.0 = Release|Any CPU
		{A89063C5-1959-4971-BFDD-53ACAFCE6948}.Debug|Any CPU.ActiveCfg = Debug|Any CPU
		{A89063C5-1959-4971-BFDD-53ACAFCE6948}.Debug|Any CPU.Build.0 = Debug|Any CPU
		{A89063C5-1959-4971-BFDD-53ACAFCE6948}.Release|Any CPU.ActiveCfg = Release|Any CPU
		{A89063C5-1959-4971-BFDD-53ACAFCE6948}.Release|Any CPU.Build.0 = Release|Any CPU
	EndGlobalSection
EndGlobal
